Microsoft Visual Studio Solution File, Format Version 11.00
# Visual Studio 2010
Project("{8BC9CEB8-8B4A-11D0-8D11-00A0C91BC942}") = "ALL_BUILD", "ALL_BUILD.vcxproj", "{4321CDCF-5174-41BF-868D-1B73C92F45F4}"
	ProjectSection(ProjectDependencies) = postProject
		{FCF1CA3B-E339-4E2D-88E3-FBDE2EEB1328} = {FCF1CA3B-E339-4E2D-88E3-FBDE2EEB1328}
		{A599D912-239F-4C82-BB05-AAB94759E5D9} = {A599D912-239F-4C82-BB05-AAB94759E5D9}
		{BDEA1743-80F5-499B-B34E-B8391069D5B8} = {BDEA1743-80F5-499B-B34E-B8391069D5B8}
		{20C8C98E-B72F-4D21-AF9F-5B823C557B96} = {20C8C98E-B72F-4D21-AF9F-5B823C557B96}
		{29D9CC58-2754-47B3-86CB-4DE7F9BDA047} = {29D9CC58-2754-47B3-86CB-4DE7F9BDA047}
	EndProjectSection
EndProject
Project("{8BC9CEB8-8B4A-11D0-8D11-00A0C91BC942}") = "INSTALL", "INSTALL.vcxproj", "{09D03201-2282-4EA5-864F-826734937ABC}"
	ProjectSection(ProjectDependencies) = postProject
		{4321CDCF-5174-41BF-868D-1B73C92F45F4} = {4321CDCF-5174-41BF-868D-1B73C92F45F4}
	EndProjectSection
EndProject
Project("{8BC9CEB8-8B4A-11D0-8D11-00A0C91BC942}") = "RUN_TESTS", "RUN_TESTS.vcxproj", "{AB5C4C84-0961-4A2D-A2B3-6DC809AFB19A}"
	ProjectSection(ProjectDependencies) = postProject
	EndProjectSection
EndProject
Project("{8BC9CEB8-8B4A-11D0-8D11-00A0C91BC942}") = "ZERO_CHECK", "ZERO_CHECK.vcxproj", "{FCF1CA3B-E339-4E2D-88E3-FBDE2EEB1328}"
	ProjectSection(ProjectDependencies) = postProject
	EndProjectSection
EndProject
Project("{8BC9CEB8-8B4A-11D0-8D11-00A0C91BC942}") = "example", "example.vcxproj", "{A599D912-239F-4C82-BB05-AAB94759E5D9}"
	ProjectSection(ProjectDependencies) = postProject
		{FCF1CA3B-E339-4E2D-88E3-FBDE2EEB1328} = {FCF1CA3B-E339-4E2D-88E3-FBDE2EEB1328}
		{20C8C98E-B72F-4D21-AF9F-5B823C557B96} = {20C8C98E-B72F-4D21-AF9F-5B823C557B96}
	EndProjectSection
EndProject
Project("{8BC9CEB8-8B4A-11D0-8D11-00A0C91BC942}") = "minigzip", "minigzip.vcxproj", "{BDEA1743-80F5-499B-B34E-B8391069D5B8}"
	ProjectSection(ProjectDependencies) = postProject
		{FCF1CA3B-E339-4E2D-88E3-FBDE2EEB1328} = {FCF1CA3B-E339-4E2D-88E3-FBDE2EEB1328}
		{20C8C98E-B72F-4D21-AF9F-5B823C557B96} = {20C8C98E-B72F-4D21-AF9F-5B823C557B96}
	EndProjectSection
EndProject
Project("{8BC9CEB8-8B4A-11D0-8D11-00A0C91BC942}") = "zlib", "zlib.vcxproj", "{20C8C98E-B72F-4D21-AF9F-5B823C557B96}"
	ProjectSection(ProjectDependencies) = postProject
		{FCF1CA3B-E339-4E2D-88E3-FBDE2EEB1328} = {FCF1CA3B-E339-4E2D-88E3-FBDE2EEB1328}
	EndProjectSection
EndProject
Project("{8BC9CEB8-8B4A-11D0-8D11-00A0C91BC942}") = "zlibstatic", "zlibstatic.vcxproj", "{29D9CC58-2754-47B3-86CB-4DE7F9BDA047}"
	ProjectSection(ProjectDependencies) = postProject
		{FCF1CA3B-E339-4E2D-88E3-FBDE2EEB1328} = {FCF1CA3B-E339-4E2D-88E3-FBDE2EEB1328}
	EndProjectSection
EndProject
Global
	GlobalSection(SolutionConfigurationPlatforms) = preSolution
		Debug|Win32 = Debug|Win32
		Release|Win32 = Release|Win32
		MinSizeRel|Win32 = MinSizeRel|Win32
		RelWithDebInfo|Win32 = RelWithDebInfo|Win32
	EndGlobalSection
	GlobalSection(ProjectConfigurationPlatforms) = postSolution
		{4321CDCF-5174-41BF-868D-1B73C92F45F4}.Debug|Win32.ActiveCfg = Debug|Win32
		{4321CDCF-5174-41BF-868D-1B73C92F45F4}.Debug|Win32.Build.0 = Debug|Win32
		{4321CDCF-5174-41BF-868D-1B73C92F45F4}.Release|Win32.ActiveCfg = Release|Win32
		{4321CDCF-5174-41BF-868D-1B73C92F45F4}.Release|Win32.Build.0 = Release|Win32
		{4321CDCF-5174-41BF-868D-1B73C92F45F4}.MinSizeRel|Win32.ActiveCfg = MinSizeRel|Win32
		{4321CDCF-5174-41BF-868D-1B73C92F45F4}.MinSizeRel|Win32.Build.0 = MinSizeRel|Win32
		{4321CDCF-5174-41BF-868D-1B73C92F45F4}.RelWithDebInfo|Win32.ActiveCfg = RelWithDebInfo|Win32
		{4321CDCF-5174-41BF-868D-1B73C92F45F4}.RelWithDebInfo|Win32.Build.0 = RelWithDebInfo|Win32
		{09D03201-2282-4EA5-864F-826734937ABC}.Debug|Win32.ActiveCfg = Debug|Win32
		{09D03201-2282-4EA5-864F-826734937ABC}.Release|Win32.ActiveCfg = Release|Win32
		{09D03201-2282-4EA5-864F-826734937ABC}.MinSizeRel|Win32.ActiveCfg = MinSizeRel|Win32
		{09D03201-2282-4EA5-864F-826734937ABC}.RelWithDebInfo|Win32.ActiveCfg = RelWithDebInfo|Win32
		{AB5C4C84-0961-4A2D-A2B3-6DC809AFB19A}.Debug|Win32.ActiveCfg = Debug|Win32
		{AB5C4C84-0961-4A2D-A2B3-6DC809AFB19A}.Release|Win32.ActiveCfg = Release|Win32
		{AB5C4C84-0961-4A2D-A2B3-6DC809AFB19A}.MinSizeRel|Win32.ActiveCfg = MinSizeRel|Win32
		{AB5C4C84-0961-4A2D-A2B3-6DC809AFB19A}.RelWithDebInfo|Win32.ActiveCfg = RelWithDebInfo|Win32
		{FCF1CA3B-E339-4E2D-88E3-FBDE2EEB1328}.Debug|Win32.ActiveCfg = Debug|Win32
		{FCF1CA3B-E339-4E2D-88E3-FBDE2EEB1328}.Debug|Win32.Build.0 = Debug|Win32
		{FCF1CA3B-E339-4E2D-88E3-FBDE2EEB1328}.Release|Win32.ActiveCfg = Release|Win32
		{FCF1CA3B-E339-4E2D-88E3-FBDE2EEB1328}.Release|Win32.Build.0 = Release|Win32
		{FCF1CA3B-E339-4E2D-88E3-FBDE2EEB1328}.MinSizeRel|Win32.ActiveCfg = MinSizeRel|Win32
		{FCF1CA3B-E339-4E2D-88E3-FBDE2EEB1328}.MinSizeRel|Win32.Build.0 = MinSizeRel|Win32
		{FCF1CA3B-E339-4E2D-88E3-FBDE2EEB1328}.RelWithDebInfo|Win32.ActiveCfg = RelWithDebInfo|Win32
		{FCF1CA3B-E339-4E2D-88E3-FBDE2EEB1328}.RelWithDebInfo|Win32.Build.0 = RelWithDebInfo|Win32
		{A599D912-239F-4C82-BB05-AAB94759E5D9}.Debug|Win32.ActiveCfg = Debug|Win32
		{A599D912-239F-4C82-BB05-AAB94759E5D9}.Debug|Win32.Build.0 = Debug|Win32
		{A599D912-239F-4C82-BB05-AAB94759E5D9}.Release|Win32.ActiveCfg = Release|Win32
		{A599D912-239F-4C82-BB05-AAB94759E5D9}.Release|Win32.Build.0 = Release|Win32
		{A599D912-239F-4C82-BB05-AAB94759E5D9}.MinSizeRel|Win32.ActiveCfg = MinSizeRel|Win32
		{A599D912-239F-4C82-BB05-AAB94759E5D9}.MinSizeRel|Win32.Build.0 = MinSizeRel|Win32
		{A599D912-239F-4C82-BB05-AAB94759E5D9}.RelWithDebInfo|Win32.ActiveCfg = RelWithDebInfo|Win32
		{A599D912-239F-4C82-BB05-AAB94759E5D9}.RelWithDebInfo|Win32.Build.0 = RelWithDebInfo|Win32
		{BDEA1743-80F5-499B-B34E-B8391069D5B8}.Debug|Win32.ActiveCfg = Debug|Win32
		{BDEA1743-80F5-499B-B34E-B8391069D5B8}.Debug|Win32.Build.0 = Debug|Win32
		{BDEA1743-80F5-499B-B34E-B8391069D5B8}.Release|Win32.ActiveCfg = Release|Win32
		{BDEA1743-80F5-499B-B34E-B8391069D5B8}.Release|Win32.Build.0 = Release|Win32
		{BDEA1743-80F5-499B-B34E-B8391069D5B8}.MinSizeRel|Win32.ActiveCfg = MinSizeRel|Win32
		{BDEA1743-80F5-499B-B34E-B8391069D5B8}.MinSizeRel|Win32.Build.0 = MinSizeRel|Win32
		{BDEA1743-80F5-499B-B34E-B8391069D5B8}.RelWithDebInfo|Win32.ActiveCfg = RelWithDebInfo|Win32
		{BDEA1743-80F5-499B-B34E-B8391069D5B8}.RelWithDebInfo|Win32.Build.0 = RelWithDebInfo|Win32
		{20C8C98E-B72F-4D21-AF9F-5B823C557B96}.Debug|Win32.ActiveCfg = Debug|Win32
		{20C8C98E-B72F-4D21-AF9F-5B823C557B96}.Debug|Win32.Build.0 = Debug|Win32
		{20C8C98E-B72F-4D21-AF9F-5B823C557B96}.Release|Win32.ActiveCfg = Release|Win32
		{20C8C98E-B72F-4D21-AF9F-5B823C557B96}.Release|Win32.Build.0 = Release|Win32
		{20C8C98E-B72F-4D21-AF9F-5B823C557B96}.MinSizeRel|Win32.ActiveCfg = MinSizeRel|Win32
		{20C8C98E-B72F-4D21-AF9F-5B823C557B96}.MinSizeRel|Win32.Build.0 = MinSizeRel|Win32
		{20C8C98E-B72F-4D21-AF9F-5B823C557B96}.RelWithDebInfo|Win32.ActiveCfg = RelWithDebInfo|Win32
		{20C8C98E-B72F-4D21-AF9F-5B823C557B96}.RelWithDebInfo|Win32.Build.0 = RelWithDebInfo|Win32
		{29D9CC58-2754-47B3-86CB-4DE7F9BDA047}.Debug|Win32.ActiveCfg = Debug|Win32
		{29D9CC58-2754-47B3-86CB-4DE7F9BDA047}.Debug|Win32.Build.0 = Debug|Win32
		{29D9CC58-2754-47B3-86CB-4DE7F9BDA047}.Release|Win32.ActiveCfg = Release|Win32
		{29D9CC58-2754-47B3-86CB-4DE7F9BDA047}.Release|Win32.Build.0 = Release|Win32
		{29D9CC58-2754-47B3-86CB-4DE7F9BDA047}.MinSizeRel|Win32.ActiveCfg = MinSizeRel|Win32
		{29D9CC58-2754-47B3-86CB-4DE7F9BDA047}.MinSizeRel|Win32.Build.0 = MinSizeRel|Win32
		{29D9CC58-2754-47B3-86CB-4DE7F9BDA047}.RelWithDebInfo|Win32.ActiveCfg = RelWithDebInfo|Win32
		{29D9CC58-2754-47B3-86CB-4DE7F9BDA047}.RelWithDebInfo|Win32.Build.0 = RelWithDebInfo|Win32
	EndGlobalSection
	GlobalSection(ExtensibilityGlobals) = postSolution
	EndGlobalSection
	GlobalSection(ExtensibilityAddIns) = postSolution
	EndGlobalSection
EndGlobal
