<?xml version="1.0" encoding="utf-8"?>
<Project ToolsVersion="4.0" xmlns="http://schemas.microsoft.com/developer/msbuild/2003">
  <ItemGroup>
    <Filter Include="Source Files">
      <UniqueIdentifier>{4FC737F1-C7A5-4376-A066-2A32D752A2FF}</UniqueIdentifier>
      <Extensions>cpp;c;cc;cxx;def;odl;idl;hpj;bat;asm;asmx</Extensions>
    </Filter>
    <Filter Include="Header Files">
      <UniqueIdentifier>{93995380-89BD-4b04-88EB-625FBE52EBFB}</UniqueIdentifier>
      <Extensions>h;hpp;hxx;hm;inl;inc;xsd</Extensions>
    </Filter>
    <Filter Include="Resource Files">
      <UniqueIdentifier>{67DA6AB6-F800-4c08-8B7A-83BB121AAD01}</UniqueIdentifier>
      <Extensions>rc;ico;cur;bmp;dlg;rc2;rct;bin;rgs;gif;jpg;jpeg;jpe;resx;tiff;tif;png;wav;mfcribbon-ms</Extensions>
    </Filter>
    <Filter Include="Generated Files">
      <UniqueIdentifier>{2579c800-20d4-4f37-9b6c-cb3ba40b3636}</UniqueIdentifier>
    </Filter>
  </ItemGroup>
  <ItemGroup>
    <None Include="ReadMe.txt" />
    <None Include="small.ico">
      <Filter>Resource Files</Filter>
    </None>
    <None Include="VEClinetUI.ico">
      <Filter>Resource Files</Filter>
    </None>
    <None Include="ClassDiagram1.cd" />
  </ItemGroup>
  <ItemGroup>
    <ClInclude Include="stdafx.h">
      <Filter>Header Files</Filter>
    </ClInclude>
    <ClInclude Include="targetver.h">
      <Filter>Header Files</Filter>
    </ClInclude>
    <ClInclude Include="Resource.h">
      <Filter>Header Files</Filter>
    </ClInclude>
    <ClInclude Include="VEClientUI.h">
      <Filter>Header Files</Filter>
    </ClInclude>
    <ClInclude Include="UserActions.h">
      <Filter>Header Files</Filter>
    </ClInclude>
    <ClInclude Include="MyActionInterface.h">
      <Filter>Header Files</Filter>
    </ClInclude>
    <ClInclude Include="GeneratedFiles\ui_LoginUI.h">
      <Filter>Generated Files</Filter>
    </ClInclude>
    <ClInclude Include="GeneratedFiles\ui_MessageUI.h">
      <Filter>Generated Files</Filter>
    </ClInclude>
    <ClInclude Include="GeneratedFiles\ui_MainTab.h">
      <Filter>Generated Files</Filter>
    </ClInclude>
    <ClInclude Include="GeneratedFiles\ui_MainUI.h">
      <Filter>Generated Files</Filter>
    </ClInclude>
    <ClInclude Include="SetStateActions.h">
      <Filter>Header Files</Filter>
    </ClInclude>
    <ClInclude Include="ModifyCustomGroupActions.h">
      <Filter>Header Files</Filter>
    </ClInclude>
    <ClInclude Include="GeneratedFiles\ui_ModefiyGroupNode.h">
      <Filter>Generated Files</Filter>
    </ClInclude>
    <ClInclude Include="OperateActions.h">
      <Filter>Header Files</Filter>
    </ClInclude>
    <ClInclude Include="UserInformationDialog.h">
      <Filter>Header Files</Filter>
    </ClInclude>
    <ClInclude Include="ServerConfigDialog.h">
      <Filter>Header Files</Filter>
    </ClInclude>
    <ClInclude Include="GeneratedFiles\ui_UserInformation.h">
      <Filter>Generated Files</Filter>
    </ClInclude>
    <ClInclude Include="ColorLayout.h">
      <Filter>Header Files</Filter>
    </ClInclude>
  </ItemGroup>
  <ItemGroup>
    <ClCompile Include="stdafx.cpp">
      <Filter>Source Files</Filter>
    </ClCompile>
    <ClCompile Include="VEClientUI.cpp">
      <Filter>Source Files</Filter>
    </ClCompile>
    <ClCompile Include="ClientMainUI.cpp">
      <Filter>Source Files</Filter>
    </ClCompile>
    <ClCompile Include="LoginUI.cpp">
      <Filter>Source Files</Filter>
    </ClCompile>
    <ClCompile Include="UserActions.cpp">
      <Filter>Source Files</Filter>
    </ClCompile>
    <ClCompile Include="MyActionInterface.cpp">
      <Filter>Source Files</Filter>
    </ClCompile>
    <ClCompile Include="GeneratedFiles\moc_LoginUI.cpp">
      <Filter>Generated Files</Filter>
    </ClCompile>
    <ClCompile Include="GeneratedFiles\moc_ClientMainUI.cpp">
      <Filter>Generated Files</Filter>
    </ClCompile>
    <ClCompile Include="MainTab.cpp">
      <Filter>Source Files</Filter>
    </ClCompile>
    <ClCompile Include="GeneratedFiles\moc_MainTab.cpp">
      <Filter>Generated Files</Filter>
    </ClCompile>
    <ClCompile Include="MessageUI.cpp">
      <Filter>Source Files</Filter>
    </ClCompile>
    <ClCompile Include="GeneratedFiles\moc_MessageUI.cpp">
      <Filter>Generated Files</Filter>
    </ClCompile>
    <ClCompile Include="SetStateActions.cpp">
      <Filter>Source Files</Filter>
    </ClCompile>
    <ClCompile Include="GeneratedFiles\qrc_stylesheet.cpp">
      <Filter>Generated Files</Filter>
    </ClCompile>
    <ClCompile Include="ModifyCustomGroupActions.cpp">
      <Filter>Source Files</Filter>
    </ClCompile>
    <ClCompile Include="ModifyGroupNodeDialog.cpp">
      <Filter>Source Files</Filter>
    </ClCompile>
    <ClCompile Include="GeneratedFiles\moc_ModifyGroupNodeDialog.cpp">
      <Filter>Generated Files</Filter>
    </ClCompile>
    <ClCompile Include="OperateActions.cpp">
      <Filter>Source Files</Filter>
    </ClCompile>
    <ClCompile Include="UserInformationDialog.cpp">
      <Filter>Source Files</Filter>
    </ClCompile>
    <ClCompile Include="ServerConfigDialog.cpp">
      <Filter>Source Files</Filter>
    </ClCompile>
    <ClCompile Include="ColorLayout.cpp">
      <Filter>Source Files</Filter>
    </ClCompile>
  </ItemGroup>
  <ItemGroup>
    <ResourceCompile Include="VEClinetUI.rc">
      <Filter>Resource Files</Filter>
    </ResourceCompile>
  </ItemGroup>
  <ItemGroup>
    <CustomBuild Include="LoginUI.ui">
      <Filter>Resource Files</Filter>
    </CustomBuild>
    <CustomBuild Include="MainUI.ui">
      <Filter>Resource Files</Filter>
    </CustomBuild>
    <CustomBuild Include="MainTab.ui">
      <Filter>Resource Files</Filter>
    </CustomBuild>
    <CustomBuild Include="MessageUI.ui">
      <Filter>Resource Files</Filter>
    </CustomBuild>
    <CustomBuild Include="LoginUI.h">
      <Filter>Header Files</Filter>
    </CustomBuild>
    <CustomBuild Include="ClientMainUI.h">
      <Filter>Header Files</Filter>
    </CustomBuild>
    <CustomBuild Include="MainTab.h">
      <Filter>Header Files</Filter>
    </CustomBuild>
    <CustomBuild Include="MessageUI.h">
      <Filter>Header Files</Filter>
    </CustomBuild>
    <CustomBuild Include="stylesheet.qrc">
      <Filter>Resource Files</Filter>
    </CustomBuild>
    <CustomBuild Include="ModefiyGroupNode.ui">
      <Filter>Resource Files</Filter>
    </CustomBuild>
    <CustomBuild Include="ModifyGroupNodeDialog.h">
      <Filter>Header Files</Filter>
    </CustomBuild>
    <CustomBuild Include="UserInformation.ui">
      <Filter>Resource Files</Filter>
    </CustomBuild>
    <CustomBuild Include="SetServer.ui">
      <Filter>Resource Files</Filter>
    </CustomBuild>
  </ItemGroup>
</Project>