<?xml version="1.0" encoding="utf-8"?>
<Project ToolsVersion="4.0" xmlns="http://schemas.microsoft.com/developer/msbuild/2003">
  <ItemGroup>
    <Filter Include="Source Files">
      <UniqueIdentifier>{C08B51E9-6661-444A-B729-8E118C15FD15}</UniqueIdentifier>
      <Extensions>cpp;c;cc;cxx;def;odl;idl;hpj;bat;asm;asmx</Extensions>
    </Filter>
    <Filter Include="Header Files">
      <UniqueIdentifier>{BFAC84B0-4A71-4E86-9902-5BEF24C99110}</UniqueIdentifier>
      <Extensions>h;hpp;hxx;hm;inl;inc;xsd</Extensions>
    </Filter>
    <Filter Include="Resource Files">
      <UniqueIdentifier>{EF16893F-3818-4C23-89A7-1DF470418FD4}</UniqueIdentifier>
      <Extensions>rc;ico;cur;bmp;dlg;rc2;rct;bin;rgs;gif;jpg;jpeg;jpe;resx;tiff;tif;png;wav;mfcribbon-ms</Extensions>
    </Filter>
  </ItemGroup>
  <ItemGroup>
    <None Include="ReadMe.txt" />
    <None Include="VEClientDLL.def">
      <Filter>Source Files</Filter>
    </None>
    <None Include="ClassDiagram1.cd" />
  </ItemGroup>
  <ItemGroup>
    <ClInclude Include="stdafx.h">
      <Filter>Header Files</Filter>
    </ClInclude>
    <ClInclude Include="targetver.h">
      <Filter>Header Files</Filter>
    </ClInclude>
    <ClInclude Include="Receiver.h">
      <Filter>Header Files</Filter>
    </ClInclude>
    <ClInclude Include="ReciverThread.h">
      <Filter>Header Files</Filter>
    </ClInclude>
    <ClInclude Include="Sender.h">
      <Filter>Header Files</Filter>
    </ClInclude>
    <ClInclude Include="Client.h">
      <Filter>Header Files</Filter>
    </ClInclude>
    <ClInclude Include="ClientUdp.h">
      <Filter>Header Files</Filter>
    </ClInclude>
    <ClInclude Include="MessageProtocol.h">
      <Filter>Header Files</Filter>
    </ClInclude>
    <ClInclude Include="SenderThread.h">
      <Filter>Header Files</Filter>
    </ClInclude>
    <ClInclude Include="MessagePacker.h">
      <Filter>Header Files</Filter>
    </ClInclude>
    <ClInclude Include="ClientContext.h">
      <Filter>Header Files</Filter>
    </ClInclude>
    <ClInclude Include="MessageParser.h">
      <Filter>Header Files</Filter>
    </ClInclude>
    <ClInclude Include="MessageCallBack.h">
      <Filter>Header Files</Filter>
    </ClInclude>
    <ClInclude Include="FileBlockMirror.h">
      <Filter>Header Files</Filter>
    </ClInclude>
    <ClInclude Include="RecieveFileThread.h">
      <Filter>Header Files</Filter>
    </ClInclude>
    <ClInclude Include="SendFileThread.h">
      <Filter>Header Files</Filter>
    </ClInclude>
    <ClInclude Include="WriteFileThread.h">
      <Filter>Header Files</Filter>
    </ClInclude>
    <ClInclude Include="MakeDirToZip.h">
      <Filter>Header Files</Filter>
    </ClInclude>
  </ItemGroup>
  <ItemGroup>
    <ClCompile Include="stdafx.cpp">
      <Filter>Source Files</Filter>
    </ClCompile>
    <ClCompile Include="Receiver.cpp">
      <Filter>Source Files</Filter>
    </ClCompile>
    <ClCompile Include="ReciverThread.cpp">
      <Filter>Source Files</Filter>
    </ClCompile>
    <ClCompile Include="Sender.cpp">
      <Filter>Source Files</Filter>
    </ClCompile>
    <ClCompile Include="ClientUdp.cpp">
      <Filter>Source Files</Filter>
    </ClCompile>
    <ClCompile Include="SenderThread.cpp">
      <Filter>Source Files</Filter>
    </ClCompile>
    <ClCompile Include="MessagePacker.cpp">
      <Filter>Source Files</Filter>
    </ClCompile>
    <ClCompile Include="ClientContext.cpp">
      <Filter>Source Files</Filter>
    </ClCompile>
    <ClCompile Include="MessageParser.cpp">
      <Filter>Source Files</Filter>
    </ClCompile>
    <ClCompile Include="VEClientDllMain.cpp">
      <Filter>Source Files</Filter>
    </ClCompile>
    <ClCompile Include="FileBlockMirror.cpp">
      <Filter>Source Files</Filter>
    </ClCompile>
    <ClCompile Include="RecieveFileThread.cpp">
      <Filter>Source Files</Filter>
    </ClCompile>
    <ClCompile Include="SendFileThread.cpp">
      <Filter>Source Files</Filter>
    </ClCompile>
    <ClCompile Include="WriteFileThread.cpp">
      <Filter>Source Files</Filter>
    </ClCompile>
    <ClCompile Include="MakeDirToZip.cpp">
      <Filter>Source Files</Filter>
    </ClCompile>
  </ItemGroup>
</Project>