<?xml version="1.0" encoding="utf-8"?>
<Project ToolsVersion="4.0" xmlns="http://schemas.microsoft.com/developer/msbuild/2003">
  <ItemGroup>
    <Filter Include="Source Files">
      <UniqueIdentifier>{4FC737F1-C7A5-4376-A066-2A32D752A2FF}</UniqueIdentifier>
      <Extensions>cpp;c;cc;cxx;def;odl;idl;hpj;bat;asm;asmx</Extensions>
    </Filter>
    <Filter Include="Header Files">
      <UniqueIdentifier>{93995380-89BD-4b04-88EB-625FBE52EBFB}</UniqueIdentifier>
      <Extensions>h;hpp;hxx;hm;inl;inc;xsd</Extensions>
    </Filter>
    <Filter Include="UDP_Server">
      <UniqueIdentifier>{97f7ae6c-c825-4f45-a192-592e47def146}</UniqueIdentifier>
    </Filter>
    <Filter Include="UDP_Server\Source Files">
      <UniqueIdentifier>{fd9f253f-2dbb-4360-b76b-233e6fd92802}</UniqueIdentifier>
    </Filter>
    <Filter Include="UDP_Server\Header Files">
      <UniqueIdentifier>{cc7d9c55-cdd8-4e81-b8bd-3f08b178dc77}</UniqueIdentifier>
    </Filter>
  </ItemGroup>
  <ItemGroup>
    <None Include="ReadMe.txt" />
    <None Include="ClassDiagram1.cd" />
  </ItemGroup>
  <ItemGroup>
    <ClInclude Include="stdafx.h">
      <Filter>Header Files</Filter>
    </ClInclude>
    <ClInclude Include="targetver.h">
      <Filter>Header Files</Filter>
    </ClInclude>
    <ClInclude Include="MessageServer.h">
      <Filter>Header Files</Filter>
    </ClInclude>
    <ClInclude Include="MessageServer_UDP.h">
      <Filter>UDP_Server\Header Files</Filter>
    </ClInclude>
    <ClInclude Include="Receiver.h">
      <Filter>UDP_Server\Header Files</Filter>
    </ClInclude>
    <ClInclude Include="Sender.h">
      <Filter>UDP_Server\Header Files</Filter>
    </ClInclude>
    <ClInclude Include="ReciverThread.h">
      <Filter>UDP_Server\Header Files</Filter>
    </ClInclude>
    <ClInclude Include="MessageParser.h">
      <Filter>Header Files</Filter>
    </ClInclude>
    <ClInclude Include="MessageParserThread.h">
      <Filter>Header Files</Filter>
    </ClInclude>
    <ClInclude Include="SenderThread.h">
      <Filter>UDP_Server\Header Files</Filter>
    </ClInclude>
    <ClInclude Include="MessageProtocol.h">
      <Filter>Header Files</Filter>
    </ClInclude>
    <ClInclude Include="ReplyThread.h">
      <Filter>Header Files</Filter>
    </ClInclude>
    <ClInclude Include="LoginNewImp.h">
      <Filter>Header Files</Filter>
    </ClInclude>
    <ClInclude Include="MessagePacker.h">
      <Filter>Header Files</Filter>
    </ClInclude>
    <ClInclude Include="UserInformation.h">
      <Filter>Header Files</Filter>
    </ClInclude>
    <ClInclude Include="UserInformationDemo.h">
      <Filter>Header Files</Filter>
    </ClInclude>
    <ClInclude Include="ServerContext.h">
      <Filter>Header Files</Filter>
    </ClInclude>
    <ClInclude Include="HeartbeatMoniterThread.h">
      <Filter>Header Files</Filter>
    </ClInclude>
    <ClInclude Include="OffLineMessage.h">
      <Filter>Header Files</Filter>
    </ClInclude>
    <ClInclude Include="OffLineMessageDemo.h">
      <Filter>Header Files</Filter>
    </ClInclude>
    <ClInclude Include="TransmitFileTable.h">
      <Filter>Header Files</Filter>
    </ClInclude>
    <ClInclude Include="TransmitFileTableDemo.h">
      <Filter>Header Files</Filter>
    </ClInclude>
    <ClInclude Include="OrganizationStructureInfo.h">
      <Filter>Header Files</Filter>
    </ClInclude>
    <ClInclude Include="OrganizationStructureInfoDemo.h">
      <Filter>Header Files</Filter>
    </ClInclude>
    <ClInclude Include="RecieveFileThread.h">
      <Filter>Header Files</Filter>
    </ClInclude>
    <ClInclude Include="SendFileThread.h">
      <Filter>Header Files</Filter>
    </ClInclude>
    <ClInclude Include="WriteFileThread.h">
      <Filter>Header Files</Filter>
    </ClInclude>
    <ClInclude Include="FileBlockMirror.h">
      <Filter>Header Files</Filter>
    </ClInclude>
    <ClInclude Include="OfflineFileServer.h">
      <Filter>Header Files</Filter>
    </ClInclude>
    <ClInclude Include="OffLineFile.h">
      <Filter>Header Files</Filter>
    </ClInclude>
    <ClInclude Include="OffLineFileDemo.h">
      <Filter>Header Files</Filter>
    </ClInclude>
  </ItemGroup>
  <ItemGroup>
    <ClCompile Include="stdafx.cpp">
      <Filter>Source Files</Filter>
    </ClCompile>
    <ClCompile Include="VEServerMain.cpp">
      <Filter>Source Files</Filter>
    </ClCompile>
    <ClCompile Include="MessageServer.cpp">
      <Filter>Source Files</Filter>
    </ClCompile>
    <ClCompile Include="MessageServer_UDP.cpp">
      <Filter>UDP_Server\Source Files</Filter>
    </ClCompile>
    <ClCompile Include="Receiver.cpp">
      <Filter>UDP_Server\Source Files</Filter>
    </ClCompile>
    <ClCompile Include="Sender.cpp">
      <Filter>UDP_Server\Source Files</Filter>
    </ClCompile>
    <ClCompile Include="ReciverThread.cpp">
      <Filter>UDP_Server\Source Files</Filter>
    </ClCompile>
    <ClCompile Include="MessageParser.cpp">
      <Filter>Source Files</Filter>
    </ClCompile>
    <ClCompile Include="MessageParserThread.cpp">
      <Filter>Source Files</Filter>
    </ClCompile>
    <ClCompile Include="SenderThread.cpp">
      <Filter>UDP_Server\Source Files</Filter>
    </ClCompile>
    <ClCompile Include="ReplyThread.cpp">
      <Filter>Source Files</Filter>
    </ClCompile>
    <ClCompile Include="LoginNewImp.cpp">
      <Filter>Source Files</Filter>
    </ClCompile>
    <ClCompile Include="MessagePacker.cpp">
      <Filter>Source Files</Filter>
    </ClCompile>
    <ClCompile Include="UserInformationDemo.cpp">
      <Filter>Source Files</Filter>
    </ClCompile>
    <ClCompile Include="ServerContext.cpp">
      <Filter>Source Files</Filter>
    </ClCompile>
    <ClCompile Include="HeartbeatMoniterThread.cpp">
      <Filter>Source Files</Filter>
    </ClCompile>
    <ClCompile Include="OffLineMessageDemo.cpp">
      <Filter>Source Files</Filter>
    </ClCompile>
    <ClCompile Include="TransmitFileTableDemo.cpp">
      <Filter>Source Files</Filter>
    </ClCompile>
    <ClCompile Include="OrganizationStructureInfoDemo.cpp">
      <Filter>Source Files</Filter>
    </ClCompile>
    <ClCompile Include="RecieveFileThread.cpp">
      <Filter>Source Files</Filter>
    </ClCompile>
    <ClCompile Include="SendFileThread.cpp">
      <Filter>Source Files</Filter>
    </ClCompile>
    <ClCompile Include="WriteFileThread.cpp">
      <Filter>Source Files</Filter>
    </ClCompile>
    <ClCompile Include="FileBlockMirror.cpp">
      <Filter>Source Files</Filter>
    </ClCompile>
    <ClCompile Include="OfflineFileServer.cpp">
      <Filter>Source Files</Filter>
    </ClCompile>
    <ClCompile Include="OffLineFileDemo.cpp">
      <Filter>Source Files</Filter>
    </ClCompile>
  </ItemGroup>
</Project>